// !$*UTF8*$!
{
	archiveVersion = 1;
	classes = {
	};
	objectVersion = 46;
	objects = {

/* Begin PBXBuildFile section */
		9B4A143F1A05B92500141346 /* AppDelegate.swift in Sources */ = {isa = PBXBuildFile; fileRef = 9B4A143E1A05B92500141346 /* AppDelegate.swift */; };
		9B4A14411A05B92500141346 /* ViewController.swift in Sources */ = {isa = PBXBuildFile; fileRef = 9B4A14401A05B92500141346 /* ViewController.swift */; };
		9B4A14441A05B92500141346 /* Main.storyboard in Resources */ = {isa = PBXBuildFile; fileRef = 9B4A14421A05B92500141346 /* Main.storyboard */; };
		9B4A14461A05B92500141346 /* Images.xcassets in Resources */ = {isa = PBXBuildFile; fileRef = 9B4A14451A05B92500141346 /* Images.xcassets */; };
		9B4A14491A05B92500141346 /* LaunchScreen.xib in Resources */ = {isa = PBXBuildFile; fileRef = 9B4A14471A05B92500141346 /* LaunchScreen.xib */; };
		9B4A14551A05B92500141346 /* UIPickerViewDemoTests.swift in Sources */ = {isa = PBXBuildFile; fileRef = 9B4A14541A05B92500141346 /* UIPickerViewDemoTests.swift */; };
/* End PBXBuildFile section */

/* Begin PBXContainerItemProxy section */
		9B4A144F1A05B92500141346 /* PBXContainerItemProxy */ = {
			isa = PBXContainerItemProxy;
			containerPortal = 9B4A14311A05B92500141346 /* Project object */;
			proxyType = 1;
			remoteGlobalIDString = 9B4A14381A05B92500141346;
			remoteInfo = UIPickerViewDemo;
		};
/* End PBXContainerItemProxy section */

/* Begin PBXFileReference section */
		9B4A14391A05B92500141346 /* UIPickerViewDemo.app */ = {isa = PBXFileReference; explicitFileType = wrapper.application; includeInIndex = 0; path = UIPickerViewDemo.app; sourceTree = BUILT_PRODUCTS_DIR; };
		9B4A143D1A05B92500141346 /* Info.plist */ = {isa = PBXFileReference; lastKnownFileType = text.plist.xml; path = Info.plist; sourceTree = "<group>"; };
		9B4A143E1A05B92500141346 /* AppDelegate.swift */ = {isa = PBXFileReference; lastKnownFileType = sourcecode.swift; path = AppDelegate.swift; sourceTree = "<group>"; };
		9B4A14401A05B92500141346 /* ViewController.swift */ = {isa = PBXFileReference; lastKnownFileType = sourcecode.swift; path = ViewController.swift; sourceTree = "<group>"; };
		9B4A14431A05B92500141346 /* Base */ = {isa = PBXFileReference; lastKnownFileType = file.storyboard; name = Base; path = Base.lproj/Main.storyboard; sourceTree = "<group>"; };
		9B4A14451A05B92500141346 /* Images.xcassets */ = {isa = PBXFileReference; lastKnownFileType = folder.assetcatalog; path = Images.xcassets; sourceTree = "<group>"; };
		9B4A14481A05B92500141346 /* Base */ = {isa = PBXFileReference; lastKnownFileType = file.xib; name = Base; path = Base.lproj/LaunchScreen.xib; sourceTree = "<group>"; };
		9B4A144E1A05B92500141346 /* UIPickerViewDemoTests.xctest */ = {isa = PBXFileReference; explicitFileType = wrapper.cfbundle; includeInIndex = 0; path = UIPickerViewDemoTests.xctest; sourceTree = BUILT_PRODUCTS_DIR; };
		9B4A14531A05B92500141346 /* Info.plist */ = {isa = PBXFileReference; lastKnownFileType = text.plist.xml; path = Info.plist; sourceTree = "<group>"; };
		9B4A14541A05B92500141346 /* UIPickerViewDemoTests.swift */ = {isa = PBXFileReference; lastKnownFileType = sourcecode.swift; path = UIPickerViewDemoTests.swift; sourceTree = "<group>"; };
/* End PBXFileReference section */

/* Begin PBXFrameworksBuildPhase section */
		9B4A14361A05B92500141346 /* Frameworks */ = {
			isa = PBXFrameworksBuildPhase;
			buildActionMask = 2147483647;
			files = (
			);
			runOnlyForDeploymentPostprocessing = 0;
		};
		9B4A144B1A05B92500141346 /* Frameworks */ = {
			isa = PBXFrameworksBuildPhase;
			buildActionMask = 2147483647;
			files = (
			);
			runOnlyForDeploymentPostprocessing = 0;
		};
/* End PBXFrameworksBuildPhase section */

/* Begin PBXGroup section */
		9B4A14301A05B92500141346 = {
			isa = PBXGroup;
			children = (
				9B4A143B1A05B92500141346 /* UIPickerViewDemo */,
				9B4A14511A05B92500141346 /* UIPickerViewDemoTests */,
				9B4A143A1A05B92500141346 /* Products */,
			);
			sourceTree = "<group>";
		};
		9B4A143A1A05B92500141346 /* Products */ = {
			isa = PBXGroup;
			children = (
				9B4A14391A05B92500141346 /* UIPickerViewDemo.app */,
				9B4A144E1A05B92500141346 /* UIPickerViewDemoTests.xctest */,
			);
			name = Products;
			sourceTree = "<group>";
		};
		9B4A143B1A05B92500141346 /* UIPickerViewDemo */ = {
			isa = PBXGroup;
			children = (
				9B4A143E1A05B92500141346 /* AppDelegate.swift */,
				9B4A14401A05B92500141346 /* ViewController.swift */,
				9B4A14421A05B92500141346 /* Main.storyboard */,
				9B4A14451A05B92500141346 /* Images.xcassets */,
				9B4A14471A05B92500141346 /* LaunchScreen.xib */,
				9B4A143C1A05B92500141346 /* Supporting Files */,
			);
			path = UIPickerViewDemo;
			sourceTree = "<group>";
		};
		9B4A143C1A05B92500141346 /* Supporting Files */ = {
			isa = PBXGroup;
			children = (
				9B4A143D1A05B92500141346 /* Info.plist */,
			);
			name = "Supporting Files";
			sourceTree = "<group>";
		};
		9B4A14511A05B92500141346 /* UIPickerViewDemoTests */ = {
			isa = PBXGroup;
			children = (
				9B4A14541A05B92500141346 /* UIPickerViewDemoTests.swift */,
				9B4A14521A05B92500141346 /* Supporting Files */,
			);
			path = UIPickerViewDemoTests;
			sourceTree = "<group>";
		};
		9B4A14521A05B92500141346 /* Supporting Files */ = {
			isa = PBXGroup;
			children = (
				9B4A14531A05B92500141346 /* Info.plist */,
			);
			name = "Supporting Files";
			sourceTree = "<group>";
		};
/* End PBXGroup section */

/* Begin PBXNativeTarget section */
		9B4A14381A05B92500141346 /* UIPickerViewDemo */ = {
			isa = PBXNativeTarget;
			buildConfigurationList = 9B4A14581A05B92500141346 /* Build configuration list for PBXNativeTarget "UIPickerViewDemo" */;
			buildPhases = (
				9B4A14351A05B92500141346 /* Sources */,
				9B4A14361A05B92500141346 /* Frameworks */,
				9B4A14371A05B92500141346 /* Resources */,
			);
			buildRules = (
			);
			dependencies = (
			);
			name = UIPickerViewDemo;
			productName = UIPickerViewDemo;
			productReference = 9B4A14391A05B92500141346 /* UIPickerViewDemo.app */;
			productType = "com.apple.product-type.application";
		};
		9B4A144D1A05B92500141346 /* UIPickerViewDemoTests */ = {
			isa = PBXNativeTarget;
			buildConfigurationList = 9B4A145B1A05B92500141346 /* Build configuration list for PBXNativeTarget "UIPickerViewDemoTests" */;
			buildPhases = (
				9B4A144A1A05B92500141346 /* Sources */,
				9B4A144B1A05B92500141346 /* Frameworks */,
				9B4A144C1A05B92500141346 /* Resources */,
			);
			buildRules = (
			);
			dependencies = (
				9B4A14501A05B92500141346 /* PBXTargetDependency */,
			);
			name = UIPickerViewDemoTests;
			productName = UIPickerViewDemoTests;
			productReference = 9B4A144E1A05B92500141346 /* UIPickerViewDemoTests.xctest */;
			productType = "com.apple.product-type.bundle.unit-test";
		};
/* End PBXNativeTarget section */

/* Begin PBXProject section */
		9B4A14311A05B92500141346 /* Project object */ = {
			isa = PBXProject;
			attributes = {
				LastUpgradeCheck = 0600;
				ORGANIZATIONNAME = ruby;
				TargetAttributes = {
					9B4A14381A05B92500141346 = {
						CreatedOnToolsVersion = 6.0.1;
					};
					9B4A144D1A05B92500141346 = {
						CreatedOnToolsVersion = 6.0.1;
						TestTargetID = 9B4A14381A05B92500141346;
					};
				};
			};
			buildConfigurationList = 9B4A14341A05B92500141346 /* Build configuration list for PBXProject "UIPickerViewDemo" */;
			compatibilityVersion = "Xcode 3.2";
			developmentRegion = English;
			hasScannedForEncodings = 0;
			knownRegions = (
				en,
				Base,
			);
			mainGroup = 9B4A14301A05B92500141346;
			productRefGroup = 9B4A143A1A05B92500141346 /* Products */;
			projectDirPath = "";
			projectRoot = "";
			targets = (
				9B4A14381A05B92500141346 /* UIPickerViewDemo */,
				9B4A144D1A05B92500141346 /* UIPickerViewDemoTests */,
			);
		};
/* End PBXProject section */

/* Begin PBXResourcesBuildPhase section */
		9B4A14371A05B92500141346 /* Resources */ = {
			isa = PBXResourcesBuildPhase;
			buildActionMask = 2147483647;
			files = (
				9B4A14441A05B92500141346 /* Main.storyboard in Resources */,
				9B4A14491A05B92500141346 /* LaunchScreen.xib in Resources */,
				9B4A14461A05B92500141346 /* Images.xcassets in Resources */,
			);
			runOnlyForDeploymentPostprocessing = 0;
		};
		9B4A144C1A05B92500141346 /* Resources */ = {
			isa = PBXResourcesBuildPhase;
			buildActionMask = 2147483647;
			files = (
			);
			runOnlyForDeploymentPostprocessing = 0;
		};
/* End PBXResourcesBuildPhase section */

/* Begin PBXSourcesBuildPhase section */
		9B4A14351A05B92500141346 /* Sources */ = {
			isa = PBXSourcesBuildPhase;
			buildActionMask = 2147483647;
			files = (
				9B4A14411A05B92500141346 /* ViewController.swift in Sources */,
				9B4A143F1A05B92500141346 /* AppDelegate.swift in Sources */,
			);
			runOnlyForDeploymentPostprocessing = 0;
		};
		9B4A144A1A05B92500141346 /* Sources */ = {
			isa = PBXSourcesBuildPhase;
			buildActionMask = 2147483647;
			files = (
				9B4A14551A05B92500141346 /* UIPickerViewDemoTests.swift in Sources */,
			);
			runOnlyForDeploymentPostprocessing = 0;
		};
/* End PBXSourcesBuildPhase section */

/* Begin PBXTargetDependency section */
		9B4A14501A05B92500141346 /* PBXTargetDependency */ = {
			isa = PBXTargetDependency;
			target = 9B4A14381A05B92500141346 /* UIPickerViewDemo */;
			targetProxy = 9B4A144F1A05B92500141346 /* PBXContainerItemProxy */;
		};
/* End PBXTargetDependency section */

/* Begin PBXVariantGroup section */
		9B4A14421A05B92500141346 /* Main.storyboard */ = {
			isa = PBXVariantGroup;
			children = (
				9B4A14431A05B92500141346 /* Base */,
			);
			name = Main.storyboard;
			sourceTree = "<group>";
		};
		9B4A14471A05B92500141346 /* LaunchScreen.xib */ = {
			isa = PBXVariantGroup;
			children = (
				9B4A14481A05B92500141346 /* Base */,
			);
			name = LaunchScreen.xib;
			sourceTree = "<group>";
		};
/* End PBXVariantGroup section */

/* Begin XCBuildConfiguration section */
		9B4A14561A05B92500141346 /* Debug */ = {
			isa = XCBuildConfiguration;
			buildSettings = {
				ALWAYS_SEARCH_USER_PATHS = NO;
				CLANG_CXX_LANGUAGE_STANDARD = "gnu++0x";
				CLANG_CXX_LIBRARY = "libc++";
				CLANG_ENABLE_MODULES = YES;
				CLANG_ENABLE_OBJC_ARC = YES;
				CLANG_WARN_BOOL_CONVERSION = YES;
				CLANG_WARN_CONSTANT_CONVERSION = YES;
				CLANG_WARN_DIRECT_OBJC_ISA_USAGE = YES_ERROR;
				CLANG_WARN_EMPTY_BODY = YES;
				CLANG_WARN_ENUM_CONVERSION = YES;
				CLANG_WARN_INT_CONVERSION = YES;
				CLANG_WARN_OBJC_ROOT_CLASS = YES_ERROR;
				CLANG_WARN_UNREACHABLE_CODE = YES;
				CLANG_WARN__DUPLICATE_METHOD_MATCH = YES;
				"CODE_SIGN_IDENTITY[sdk=iphoneos*]" = "iPhone Developer";
				COPY_PHASE_STRIP = NO;
				ENABLE_STRICT_OBJC_MSGSEND = YES;
				GCC_C_LANGUAGE_STANDARD = gnu99;
				GCC_DYNAMIC_NO_PIC = NO;
				GCC_OPTIMIZATION_LEVEL = 0;
				GCC_PREPROCESSOR_DEFINITIONS = (
					"DEBUG=1",
					"$(inherited)",
				);
				GCC_SYMBOLS_PRIVATE_EXTERN = NO;
				GCC_WARN_64_TO_32_BIT_CONVERSION = YES;
				GCC_WARN_ABOUT_RETURN_TYPE = YES_ERROR;
				GCC_WARN_UNDECLARED_SELECTOR = YES;
				GCC_WARN_UNINITIALIZED_AUTOS = YES_AGGRESSIVE;
				GCC_WARN_UNUSED_FUNCTION = YES;
				GCC_WARN_UNUSED_VARIABLE = YES;
				IPHONEOS_DEPLOYMENT_TARGET = 8.0;
				MTL_ENABLE_DEBUG_INFO = YES;
				ONLY_ACTIVE_ARCH = YES;
				SDKROOT = iphoneos;
				SWIFT_OPTIMIZATION_LEVEL = "-Onone";
			};
			name = Debug;
		};
		9B4A14571A05B92500141346 /* Release */ = {
			isa = XCBuildConfiguration;
			buildSettings = {
				ALWAYS_SEARCH_USER_PATHS = NO;
				CLANG_CXX_LANGUAGE_STANDARD = "gnu++0x";
				CLANG_CXX_LIBRARY = "libc++";
				CLANG_ENABLE_MODULES = YES;
				CLANG_ENABLE_OBJC_ARC = YES;
				CLANG_WARN_BOOL_CONVERSION = YES;
				CLANG_WARN_CONSTANT_CONVERSION = YES;
				CLANG_WARN_DIRECT_OBJC_ISA_USAGE = YES_ERROR;
				CLANG_WARN_EMPTY_BODY = YES;
				CLANG_WARN_ENUM_CONVERSION = YES;
				CLANG_WARN_INT_CONVERSION = YES;
				CLANG_WARN_OBJC_ROOT_CLASS = YES_ERROR;
				CLANG_WARN_UNREACHABLE_CODE = YES;
				CLANG_WARN__DUPLICATE_METHOD_MATCH = YES;
				"CODE_SIGN_IDENTITY[sdk=iphoneos*]" = "iPhone Developer";
				COPY_PHASE_STRIP = YES;
				ENABLE_NS_ASSERTIONS = NO;
				ENABLE_STRICT_OBJC_MSGSEND = YES;
				GCC_C_LANGUAGE_STANDARD = gnu99;
				GCC_WARN_64_TO_32_BIT_CONVERSION = YES;
				GCC_WARN_ABOUT_RETURN_TYPE = YES_ERROR;
				GCC_WARN_UNDECLARED_SELECTOR = YES;
				GCC_WARN_UNINITIALIZED_AUTOS = YES_AGGRESSIVE;
				GCC_WARN_UNUSED_FUNCTION = YES;
				GCC_WARN_UNUSED_VARIABLE = YES;
				IPHONEOS_DEPLOYMENT_TARGET = 8.0;
				MTL_ENABLE_DEBUG_INFO = NO;
				SDKROOT = iphoneos;
				VALIDATE_PRODUCT = YES;
			};
			name = Release;
		};
		9B4A14591A05B92500141346 /* Debug */ = {
			isa = XCBuildConfiguration;
			buildSettings = {
				ASSETCATALOG_COMPILER_APPICON_NAME = AppIcon;
				INFOPLIST_FILE = UIPickerViewDemo/Info.plist;
				LD_RUNPATH_SEARCH_PATHS = "$(inherited) @executable_path/Frameworks";
				PRODUCT_NAME = "$(TARGET_NAME)";
			};
			name = Debug;
		};
		9B4A145A1A05B92500141346 /* Release */ = {
			isa = XCBuildConfiguration;
			buildSettings = {
				ASSETCATALOG_COMPILER_APPICON_NAME = AppIcon;
				INFOPLIST_FILE = UIPickerViewDemo/Info.plist;
				LD_RUNPATH_SEARCH_PATHS = "$(inherited) @executable_path/Frameworks";
				PRODUCT_NAME = "$(TARGET_NAME)";
			};
			name = Release;
		};
		9B4A145C1A05B92500141346 /* Debug */ = {
			isa = XCBuildConfiguration;
			buildSettings = {
				BUNDLE_LOADER = "$(TEST_HOST)";
				FRAMEWORK_SEARCH_PATHS = (
					"$(SDKROOT)/Developer/Library/Frameworks",
					"$(inherited)",
				);
				GCC_PREPROCESSOR_DEFINITIONS = (
					"DEBUG=1",
					"$(inherited)",
				);
				INFOPLIST_FILE = UIPickerViewDemoTests/Info.plist;
				LD_RUNPATH_SEARCH_PATHS = "$(inherited) @executable_path/Frameworks @loader_path/Frameworks";
				PRODUCT_NAME = "$(TARGET_NAME)";
				TEST_HOST = "$(BUILT_PRODUCTS_DIR)/UIPickerViewDemo.app/UIPickerViewDemo";
			};
			name = Debug;
		};
		9B4A145D1A05B92500141346 /* Release */ = {
			isa = XCBuildConfiguration;
			buildSettings = {
				BUNDLE_LOADER = "$(TEST_HOST)";
				FRAMEWORK_SEARCH_PATHS = (
					"$(SDKROOT)/Developer/Library/Frameworks",
					"$(inherited)",
				);
				INFOPLIST_FILE = UIPickerViewDemoTests/Info.plist;
				LD_RUNPATH_SEARCH_PATHS = "$(inherited) @executable_path/Frameworks @loader_path/Frameworks";
				PRODUCT_NAME = "$(TARGET_NAME)";
				TEST_HOST = "$(BUILT_PRODUCTS_DIR)/UIPickerViewDemo.app/UIPickerViewDemo";
			};
			name = Release;
		};
/* End XCBuildConfiguration section */

/* Begin XCConfigurationList section */
		9B4A14341A05B92500141346 /* Build configuration list for PBXProject "UIPickerViewDemo" */ = {
			isa = XCConfigurationList;
			buildConfigurations = (
				9B4A14561A05B92500141346 /* Debug */,
				9B4A14571A05B92500141346 /* Release */,
			);
			defaultConfigurationIsVisible = 0;
			defaultConfigurationName = Release;
		};
		9B4A14581A05B92500141346 /* Build configuration list for PBXNativeTarget "UIPickerViewDemo" */ = {
			isa = XCConfigurationList;
			buildConfigurations = (
				9B4A14591A05B92500141346 /* Debug */,
				9B4A145A1A05B92500141346 /* Release */,
			);
			defaultConfigurationIsVisible = 0;
		};
		9B4A145B1A05B92500141346 /* Build configuration list for PBXNativeTarget "UIPickerViewDemoTests" */ = {
			isa = XCConfigurationList;
			buildConfigurations = (
				9B4A145C1A05B92500141346 /* Debug */,
				9B4A145D1A05B92500141346 /* Release */,
			);
			defaultConfigurationIsVisible = 0;
		};
/* End XCConfigurationList section */
	};
	rootObject = 9B4A14311A05B92500141346 /* Project object */;
}
